{
  "name": "dotfiles-public",
  "requires": true,
  "lockfileVersion": 1,
  "dependencies": {
    "@types/node": {
      "version": "14.18.39",
      "resolved": "https://registry.npmjs.org/@types/node/-/node-14.18.39.tgz",
      "integrity": "sha512-7qOATB81lY0yf1mN859SwtkwusmYmpVDwt4kRISnbFt785YpKs6SDnszwZs8u4BRcMAM39BsdYGXrMIYLz5QvA==",
      "dev": true
    },
    "typescript": {
      "version": "4.7.4",
      "resolved": "https://registry.npmjs.org/typescript/-/typescript-4.7.4.tgz",
      "integrity": "sha512-C0WQT0gezHuw6AdY1M2jxUO83Rjf0HP7Sk1DtXj6j1EwkQNZrHAg2XPWlq62oqEhYvONq5pkC2Y9oPljWToLmQ==",
      "dev": true
    }
  }
}
